
Microsoft Visual Studio Solution File, Format Version 12.00
# Visual Studio Version 16
VisualStudioVersion = 16.0.31702.278
MinimumVisualStudioVersion = 10.0.40219.1
Project("{FAE04EC0-301F-11D3-BF4B-00C04F79EFBC}") = "Lesson6", "Lesson6\Lesson6.csproj", "{4E04E7D6-158B-4C8F-A22E-667969450D23}"
EndProject
Project("{FAE04EC0-301F-11D3-BF4B-00C04F79EFBC}") = "Models", "Book\Models.csproj", "{52A9B1B7-42BC-409B-BEAD-1F5C4F2CE65B}"
EndProject
Global
	GlobalSection(SolutionConfigurationPlatforms) = preSolution
		Debug|Any CPU = Debug|Any CPU
		Release|Any CPU = Release|Any CPU
	EndGlobalSection
	GlobalSection(ProjectConfigurationPlatforms) = postSolution
		{4E04E7D6-158B-4C8F-A22E-667969450D23}.Debug|Any CPU.ActiveCfg = Debug|Any CPU
		{4E04E7D6-158B-4C8F-A22E-667969450D23}.Debug|Any CPU.Build.0 = Debug|Any CPU
		{4E04E7D6-158B-4C8F-A22E-667969450D23}.Release|Any CPU.ActiveCfg = Release|Any CPU
		{4E04E7D6-158B-4C8F-A22E-667969450D23}.Release|Any CPU.Build.0 = Release|Any CPU
		{52A9B1B7-42BC-409B-BEAD-1F5C4F2CE65B}.Debug|Any CPU.ActiveCfg = Debug|Any CPU
		{52A9B1B7-42BC-409B-BEAD-1F5C4F2CE65B}.Debug|Any CPU.Build.0 = Debug|Any CPU
		{52A9B1B7-42BC-409B-BEAD-1F5C4F2CE65B}.Release|Any CPU.ActiveCfg = Release|Any CPU
		{52A9B1B7-42BC-409B-BEAD-1F5C4F2CE65B}.Release|Any CPU.Build.0 = Release|Any CPU
	EndGlobalSection
	GlobalSection(SolutionProperties) = preSolution
		HideSolutionNode = FALSE
	EndGlobalSection
	GlobalSection(ExtensibilityGlobals) = postSolution
		SolutionGuid = {A298A841-70C0-4642-B099-522D858621DA}
	EndGlobalSection
EndGlobal
